
Microsoft Visual Studio Solution File, Format Version 12.00
# Visual Studio Version 17
VisualStudioVersion = 17.2.32519.379
MinimumVisualStudioVersion = 10.0.40219.1
Project("{9A19103F-16F7-4668-BE54-9A1E7A4F7556}") = "BotTemplateSample", "BotTemplate\BotTemplateSample.csproj", "{90EBAC9A-9A49-4A4B-A863-246EC41F5D59}"
EndProject
Project("{9A19103F-16F7-4668-BE54-9A1E7A4F7556}") = "Callback query button 01", "Callback query button 01\Callback query button 01.csproj", "{0292D292-A156-4619-959F-70DB6F45440B}"
EndProject
Project("{9A19103F-16F7-4668-BE54-9A1E7A4F7556}") = "Hello World", "Hello World\Hello World.csproj", "{2FBF087D-A1E6-47A7-9344-C17AA494150A}"
EndProject
Project("{9A19103F-16F7-4668-BE54-9A1E7A4F7556}") = "Poll Quiz 01", "Poll Quiz 01\Poll Quiz 01.csproj", "{CD140BB0-8F69-4A38-ABC0-49DEF01D4615}"
EndProject
Project("{9A19103F-16F7-4668-BE54-9A1E7A4F7556}") = "ReplyKeyboardMarkup 01", "ReplyKeyboardMarkup 01\ReplyKeyboardMarkup 01.csproj", "{295293AC-04D4-432F-BBA0-5A5F9A4F22F3}"
EndProject
Project("{9A19103F-16F7-4668-BE54-9A1E7A4F7556}") = "Telegram Calendar", "Telegram Calendar\Telegram Calendar.csproj", "{CB877447-C492-43E4-B7A9-3534B7619039}"
EndProject
Project("{9A19103F-16F7-4668-BE54-9A1E7A4F7556}") = "HelloBotNET.Webhook", "HelloBotNET.Webhook\HelloBotNET.Webhook.csproj", "{4A7EC7DA-03F3-40B5-8993-DA90C5CC589C}"
EndProject
Project("{2150E333-8FDC-42A3-9474-1A3956D46DE8}") = "Examples", "Examples", "{7A82B466-5509-490E-A490-D64D871CBA06}"
EndProject
Project("{2150E333-8FDC-42A3-9474-1A3956D46DE8}") = "Library", "Library", "{ADD476C3-7C77-421E-8A5F-F5DC41886727}"
EndProject
Project("{9A19103F-16F7-4668-BE54-9A1E7A4F7556}") = "Telegram.BotAPI", "..\library\Telegram.BotAPI\Telegram.BotAPI.csproj", "{7885DD73-1782-4D0E-826E-C60C27C7648D}"
EndProject
Project("{9A19103F-16F7-4668-BE54-9A1E7A4F7556}") = "HelloBotNET.AppService", "HelloBotNET.AppService\HelloBotNET.AppService.csproj", "{40F07F65-6DF5-48D2-9C11-0D970BFA31A0}"
EndProject
Project("{9A19103F-16F7-4668-BE54-9A1E7A4F7556}") = "Telegram.BotAPI.Extensions", "..\library\Telegram.BotAPI.Extensions\Telegram.BotAPI.Extensions.csproj", "{5E7D52AF-3914-47AA-9136-A87520D8119D}"
EndProject
Global
	GlobalSection(SolutionConfigurationPlatforms) = preSolution
		Debug|Any CPU = Debug|Any CPU
		Release|Any CPU = Release|Any CPU
	EndGlobalSection
	GlobalSection(ProjectConfigurationPlatforms) = postSolution
		{90EBAC9A-9A49-4A4B-A863-246EC41F5D59}.Debug|Any CPU.ActiveCfg = Debug|Any CPU
		{90EBAC9A-9A49-4A4B-A863-246EC41F5D59}.Debug|Any CPU.Build.0 = Debug|Any CPU
		{90EBAC9A-9A49-4A4B-A863-246EC41F5D59}.Release|Any CPU.ActiveCfg = Release|Any CPU
		{90EBAC9A-9A49-4A4B-A863-246EC41F5D59}.Release|Any CPU.Build.0 = Release|Any CPU
		{0292D292-A156-4619-959F-70DB6F45440B}.Debug|Any CPU.ActiveCfg = Debug|Any CPU
		{0292D292-A156-4619-959F-70DB6F45440B}.Debug|Any CPU.Build.0 = Debug|Any CPU
		{0292D292-A156-4619-959F-70DB6F45440B}.Release|Any CPU.ActiveCfg = Release|Any CPU
		{0292D292-A156-4619-959F-70DB6F45440B}.Release|Any CPU.Build.0 = Release|Any CPU
		{2FBF087D-A1E6-47A7-9344-C17AA494150A}.Debug|Any CPU.ActiveCfg = Debug|Any CPU
		{2FBF087D-A1E6-47A7-9344-C17AA494150A}.Debug|Any CPU.Build.0 = Debug|Any CPU
		{2FBF087D-A1E6-47A7-9344-C17AA494150A}.Release|Any CPU.ActiveCfg = Release|Any CPU
		{2FBF087D-A1E6-47A7-9344-C17AA494150A}.Release|Any CPU.Build.0 = Release|Any CPU
		{CD140BB0-8F69-4A38-ABC0-49DEF01D4615}.Debug|Any CPU.ActiveCfg = Debug|Any CPU
		{CD140BB0-8F69-4A38-ABC0-49DEF01D4615}.Debug|Any CPU.Build.0 = Debug|Any CPU
		{CD140BB0-8F69-4A38-ABC0-49DEF01D4615}.Release|Any CPU.ActiveCfg = Release|Any CPU
		{CD140BB0-8F69-4A38-ABC0-49DEF01D4615}.Release|Any CPU.Build.0 = Release|Any CPU
		{295293AC-04D4-432F-BBA0-5A5F9A4F22F3}.Debug|Any CPU.ActiveCfg = Debug|Any CPU
		{295293AC-04D4-432F-BBA0-5A5F9A4F22F3}.Debug|Any CPU.Build.0 = Debug|Any CPU
		{295293AC-04D4-432F-BBA0-5A5F9A4F22F3}.Release|Any CPU.ActiveCfg = Release|Any CPU
		{295293AC-04D4-432F-BBA0-5A5F9A4F22F3}.Release|Any CPU.Build.0 = Release|Any CPU
		{CB877447-C492-43E4-B7A9-3534B7619039}.Debug|Any CPU.ActiveCfg = Debug|Any CPU
		{CB877447-C492-43E4-B7A9-3534B7619039}.Debug|Any CPU.Build.0 = Debug|Any CPU
		{CB877447-C492-43E4-B7A9-3534B7619039}.Release|Any CPU.ActiveCfg = Release|Any CPU
		{CB877447-C492-43E4-B7A9-3534B7619039}.Release|Any CPU.Build.0 = Release|Any CPU
		{4A7EC7DA-03F3-40B5-8993-DA90C5CC589C}.Debug|Any CPU.ActiveCfg = Debug|Any CPU
		{4A7EC7DA-03F3-40B5-8993-DA90C5CC589C}.Debug|Any CPU.Build.0 = Debug|Any CPU
		{4A7EC7DA-03F3-40B5-8993-DA90C5CC589C}.Release|Any CPU.ActiveCfg = Release|Any CPU
		{4A7EC7DA-03F3-40B5-8993-DA90C5CC589C}.Release|Any CPU.Build.0 = Release|Any CPU
		{7885DD73-1782-4D0E-826E-C60C27C7648D}.Debug|Any CPU.ActiveCfg = Debug|Any CPU
		{7885DD73-1782-4D0E-826E-C60C27C7648D}.Debug|Any CPU.Build.0 = Debug|Any CPU
		{7885DD73-1782-4D0E-826E-C60C27C7648D}.Release|Any CPU.ActiveCfg = Release|Any CPU
		{7885DD73-1782-4D0E-826E-C60C27C7648D}.Release|Any CPU.Build.0 = Release|Any CPU
		{40F07F65-6DF5-48D2-9C11-0D970BFA31A0}.Debug|Any CPU.ActiveCfg = Debug|Any CPU
		{40F07F65-6DF5-48D2-9C11-0D970BFA31A0}.Debug|Any CPU.Build.0 = Debug|Any CPU
		{40F07F65-6DF5-48D2-9C11-0D970BFA31A0}.Release|Any CPU.ActiveCfg = Release|Any CPU
		{40F07F65-6DF5-48D2-9C11-0D970BFA31A0}.Release|Any CPU.Build.0 = Release|Any CPU
		{5E7D52AF-3914-47AA-9136-A87520D8119D}.Debug|Any CPU.ActiveCfg = Debug|Any CPU
		{5E7D52AF-3914-47AA-9136-A87520D8119D}.Debug|Any CPU.Build.0 = Debug|Any CPU
		{5E7D52AF-3914-47AA-9136-A87520D8119D}.Release|Any CPU.ActiveCfg = Release|Any CPU
		{5E7D52AF-3914-47AA-9136-A87520D8119D}.Release|Any CPU.Build.0 = Release|Any CPU
	EndGlobalSection
	GlobalSection(SolutionProperties) = preSolution
		HideSolutionNode = FALSE
	EndGlobalSection
	GlobalSection(NestedProjects) = preSolution
		{90EBAC9A-9A49-4A4B-A863-246EC41F5D59} = {7A82B466-5509-490E-A490-D64D871CBA06}
		{0292D292-A156-4619-959F-70DB6F45440B} = {7A82B466-5509-490E-A490-D64D871CBA06}
		{2FBF087D-A1E6-47A7-9344-C17AA494150A} = {7A82B466-5509-490E-A490-D64D871CBA06}
		{CD140BB0-8F69-4A38-ABC0-49DEF01D4615} = {7A82B466-5509-490E-A490-D64D871CBA06}
		{295293AC-04D4-432F-BBA0-5A5F9A4F22F3} = {7A82B466-5509-490E-A490-D64D871CBA06}
		{CB877447-C492-43E4-B7A9-3534B7619039} = {7A82B466-5509-490E-A490-D64D871CBA06}
		{4A7EC7DA-03F3-40B5-8993-DA90C5CC589C} = {7A82B466-5509-490E-A490-D64D871CBA06}
		{7885DD73-1782-4D0E-826E-C60C27C7648D} = {ADD476C3-7C77-421E-8A5F-F5DC41886727}
		{40F07F65-6DF5-48D2-9C11-0D970BFA31A0} = {7A82B466-5509-490E-A490-D64D871CBA06}
		{5E7D52AF-3914-47AA-9136-A87520D8119D} = {ADD476C3-7C77-421E-8A5F-F5DC41886727}
	EndGlobalSection
	GlobalSection(ExtensibilityGlobals) = postSolution
		SolutionGuid = {936E7344-448B-4497-970E-1AC2EC609933}
	EndGlobalSection
EndGlobal
